
Microsoft Visual Studio Solution File, Format Version 12.00
# Visual Studio 2012
Project("{8BC9CEB8-8B4A-11D0-8D11-00A0C91BC942}") = "proto_db", "db\db.vcxproj", "{CD4300E9-FD0F-474C-90E2-B4ECCA7B7E66}"
EndProject
Project("{8BC9CEB8-8B4A-11D0-8D11-00A0C91BC942}") = "generate_proto", "generate_proto\generate_proto.vcxproj", "{582412A5-1418-4033-BFF1-86D7682DB510}"
EndProject
Global
	GlobalSection(SolutionConfigurationPlatforms) = preSolution
		Debug|Win32 = Debug|Win32
		Release|Win32 = Release|Win32
	EndGlobalSection
	GlobalSection(ProjectConfigurationPlatforms) = postSolution
		{CD4300E9-FD0F-474C-90E2-B4ECCA7B7E66}.Debug|Win32.ActiveCfg = Debug|Win32
		{CD4300E9-FD0F-474C-90E2-B4ECCA7B7E66}.Debug|Win32.Build.0 = Debug|Win32
		{CD4300E9-FD0F-474C-90E2-B4ECCA7B7E66}.Release|Win32.ActiveCfg = Release|Win32
		{CD4300E9-FD0F-474C-90E2-B4ECCA7B7E66}.Release|Win32.Build.0 = Release|Win32
		{582412A5-1418-4033-BFF1-86D7682DB510}.Debug|Win32.ActiveCfg = Debug|Win32
		{582412A5-1418-4033-BFF1-86D7682DB510}.Debug|Win32.Build.0 = Debug|Win32
		{582412A5-1418-4033-BFF1-86D7682DB510}.Release|Win32.ActiveCfg = Release|Win32
		{582412A5-1418-4033-BFF1-86D7682DB510}.Release|Win32.Build.0 = Release|Win32
	EndGlobalSection
	GlobalSection(SolutionProperties) = preSolution
		HideSolutionNode = FALSE
	EndGlobalSection
EndGlobal
